hash: bd3cb5174a2fa9da872e9e0eecea872e24929ecba82f9c0c012bcef9455cdac2
updated: 2017-06-01T02:02:48.981557915+02:00
imports:
- name: github.com/messagebird/go-rest-api
  version: c8643b4c74a7b7b89565aa6fbfa77ec555a2c830
testImports:
- name: github.com/streadway/quantile
  version: b0c588724d25ae13f5afb3d90efec0edc636432b
- name: github.com/tsenart/vegeta
  version: 9f28db162ce19bb52817af4fd9b5801b1f2772c5
  subpackages:
  - lib
- name: golang.org/x/net
  version: d379faa25cbdc04d653984913a2ceb43b0bc46d7
  subpackages:
  - http2
  - http2/hpack
  - idna
  - lex/httplex
